sample1/sample1.snap.add_gmat.ok
sample2/sample2.snap.add_gmat.ok
sample1/sample1.tsse2depth.ok
sample1/sample1.filtered_dedup.nsrt.bam
sample2/sample2.tsse2depth.ok
sample2/sample2.filtered_dedup.nsrt.bam
sample1/sample1.bedpe.gz
sample2/sample2.bedpe.gz
sample1/sample1.snap
sample1/sample1.snap.add_bmat.ok
sample2/sample2.snap
sample2/sample2.snap.add_bmat.ok
sample1/sample1.bam
sample2/sample2.bam
